// !$*UTF8*$!
{
	archiveVersion = 1;
	classes = {
	};
	objectVersion = 55;
	objects = {

/* Begin PBXBuildFile section */
		3DA6E5F1289884BA0027A3C7 /* Tests_iOS.swift in Sources */ = {isa = PBXBuildFile; fileRef = 3DA6E5F0289884BA0027A3C7 /* Tests_iOS.swift */; };
		3DA6E5F3289884BA0027A3C7 /* Tests_iOSLaunchTests.swift in Sources */ = {isa = PBXBuildFile; fileRef = 3DA6E5F2289884BA0027A3C7 /* Tests_iOSLaunchTests.swift */; };
		3DA6E5FD289884BA0027A3C7 /* Tests_macOS.swift in Sources */ = {isa = PBXBuildFile; fileRef = 3DA6E5FC289884BA0027A3C7 /* Tests_macOS.swift */; };
		3DA6E5FF289884BA0027A3C7 /* Tests_macOSLaunchTests.swift in Sources */ = {isa = PBXBuildFile; fileRef = 3DA6E5FE289884BA0027A3C7 /* Tests_macOSLaunchTests.swift */; };
		3DA6E600289884BA0027A3C7 /* war_challengeApp.swift in Sources */ = {isa = PBXBuildFile; fileRef = 3DA6E5D8289884B70027A3C7 /* war_challengeApp.swift */; };
		3DA6E601289884BA0027A3C7 /* war_challengeApp.swift in Sources */ = {isa = PBXBuildFile; fileRef = 3DA6E5D8289884B70027A3C7 /* war_challengeApp.swift */; };
		3DA6E602289884BA0027A3C7 /* ContentView.swift in Sources */ = {isa = PBXBuildFile; fileRef = 3DA6E5D9289884B70027A3C7 /* ContentView.swift */; };
		3DA6E603289884BA0027A3C7 /* ContentView.swift in Sources */ = {isa = PBXBuildFile; fileRef = 3DA6E5D9289884B70027A3C7 /* ContentView.swift */; };
		3DA6E604289884BA0027A3C7 /* Assets.xcassets in Resources */ = {isa = PBXBuildFile; fileRef = 3DA6E5DA289884BA0027A3C7 /* Assets.xcassets */; };
		3DA6E605289884BA0027A3C7 /* Assets.xcassets in Resources */ = {isa = PBXBuildFile; fileRef = 3DA6E5DA289884BA0027A3C7 /* Assets.xcassets */; };
/* End PBXBuildFile section */

/* Begin PBXContainerItemProxy section */
		3DA6E5ED289884BA0027A3C7 /* PBXContainerItemProxy */ = {
			isa = PBXContainerItemProxy;
			containerPortal = 3DA6E5D3289884B50027A3C7 /* Project object */;
			proxyType = 1;
			remoteGlobalIDString = 3DA6E5DE289884BA0027A3C7;
			remoteInfo = "war-challenge (iOS)";
		};
		3DA6E5F9289884BA0027A3C7 /* PBXContainerItemProxy */ = {
			isa = PBXContainerItemProxy;
			containerPortal = 3DA6E5D3289884B50027A3C7 /* Project object */;
			proxyType = 1;
			remoteGlobalIDString = 3DA6E5E4289884BA0027A3C7;
			remoteInfo = "war-challenge (macOS)";
		};
/* End PBXContainerItemProxy section */

/* Begin PBXFileReference section */
		3DA6E5D8289884B70027A3C7 /* war_challengeApp.swift */ = {isa = PBXFileReference; lastKnownFileType = sourcecode.swift; path = war_challengeApp.swift; sourceTree = "<group>"; };
		3DA6E5D9289884B70027A3C7 /* ContentView.swift */ = {isa = PBXFileReference; lastKnownFileType = sourcecode.swift; path = ContentView.swift; sourceTree = "<group>"; };
		3DA6E5DA289884BA0027A3C7 /* Assets.xcassets */ = {isa = PBXFileReference; lastKnownFileType = folder.assetcatalog; path = Assets.xcassets; sourceTree = "<group>"; };
		3DA6E5DF289884BA0027A3C7 /* war-challenge.app */ = {isa = PBXFileReference; explicitFileType = wrapper.application; includeInIndex = 0; path = "war-challenge.app"; sourceTree = BUILT_PRODUCTS_DIR; };
		3DA6E5E5289884BA0027A3C7 /* war-challenge.app */ = {isa = PBXFileReference; explicitFileType = wrapper.application; includeInIndex = 0; path = "war-challenge.app"; sourceTree = BUILT_PRODUCTS_DIR; };
		3DA6E5E7289884BA0027A3C7 /* macOS.entitlements */ = {isa = PBXFileReference; lastKnownFileType = text.plist.entitlements; path = macOS.entitlements; sourceTree = "<group>"; };
		3DA6E5EC289884BA0027A3C7 /* Tests iOS.xctest */ = {isa = PBXFileReference; explicitFileType = wrapper.cfbundle; includeInIndex = 0; path = "Tests iOS.xctest"; sourceTree = BUILT_PRODUCTS_DIR; };
		3DA6E5F0289884BA0027A3C7 /* Tests_iOS.swift */ = {isa = PBXFileReference; lastKnownFileType = sourcecode.swift; path = Tests_iOS.swift; sourceTree = "<group>"; };
		3DA6E5F2289884BA0027A3C7 /* Tests_iOSLaunchTests.swift */ = {isa = PBXFileReference; lastKnownFileType = sourcecode.swift; path = Tests_iOSLaunchTests.swift; sourceTree = "<group>"; };
		3DA6E5F8289884BA0027A3C7 /* Tests macOS.xctest */ = {isa = PBXFileReference; explicitFileType = wrapper.cfbundle; includeInIndex = 0; path = "Tests macOS.xctest"; sourceTree = BUILT_PRODUCTS_DIR; };
		3DA6E5FC289884BA0027A3C7 /* Tests_macOS.swift */ = {isa = PBXFileReference; lastKnownFileType = sourcecode.swift; path = Tests_macOS.swift; sourceTree = "<group>"; };
		3DA6E5FE289884BA0027A3C7 /* Tests_macOSLaunchTests.swift */ = {isa = PBXFileReference; lastKnownFileType = sourcecode.swift; path = Tests_macOSLaunchTests.swift; sourceTree = "<group>"; };
/* End PBXFileReference section */

/* Begin PBXFrameworksBuildPhase section */
		3DA6E5DC289884BA0027A3C7 /* Frameworks */ = {
			isa = PBXFrameworksBuildPhase;
			buildActionMask = 2147483647;
			files = (
			);
			runOnlyForDeploymentPostprocessing = 0;
		};
		3DA6E5E2289884BA0027A3C7 /* Frameworks */ = {
			isa = PBXFrameworksBuildPhase;
			buildActionMask = 2147483647;
			files = (
			);
			runOnlyForDeploymentPostprocessing = 0;
		};
		3DA6E5E9289884BA0027A3C7 /* Frameworks */ = {
			isa = PBXFrameworksBuildPhase;
			buildActionMask = 2147483647;
			files = (
			);
			runOnlyForDeploymentPostprocessing = 0;
		};
		3DA6E5F5289884BA0027A3C7 /* Frameworks */ = {
			isa = PBXFrameworksBuildPhase;
			buildActionMask = 2147483647;
			files = (
			);
			runOnlyForDeploymentPostprocessing = 0;
		};
/* End PBXFrameworksBuildPhase section */

/* Begin PBXGroup section */
		3DA6E5D2289884B50027A3C7 = {
			isa = PBXGroup;
			children = (
				3DA6E5D7289884B70027A3C7 /* Shared */,
				3DA6E5E6289884BA0027A3C7 /* macOS */,
				3DA6E5EF289884BA0027A3C7 /* Tests iOS */,
				3DA6E5FB289884BA0027A3C7 /* Tests macOS */,
				3DA6E5E0289884BA0027A3C7 /* Products */,
			);
			sourceTree = "<group>";
		};
		3DA6E5D7289884B70027A3C7 /* Shared */ = {
			isa = PBXGroup;
			children = (
				3DA6E5D8289884B70027A3C7 /* war_challengeApp.swift */,
				3DA6E5D9289884B70027A3C7 /* ContentView.swift */,
				3DA6E5DA289884BA0027A3C7 /* Assets.xcassets */,
			);
			path = Shared;
			sourceTree = "<group>";
		};
		3DA6E5E0289884BA0027A3C7 /* Products */ = {
			isa = PBXGroup;
			children = (
				3DA6E5DF289884BA0027A3C7 /* war-challenge.app */,
				3DA6E5E5289884BA0027A3C7 /* war-challenge.app */,
				3DA6E5EC289884BA0027A3C7 /* Tests iOS.xctest */,
				3DA6E5F8289884BA0027A3C7 /* Tests macOS.xctest */,
			);
			name = Products;
			sourceTree = "<group>";
		};
		3DA6E5E6289884BA0027A3C7 /* macOS */ = {
			isa = PBXGroup;
			children = (
				3DA6E5E7289884BA0027A3C7 /* macOS.entitlements */,
			);
			path = macOS;
			sourceTree = "<group>";
		};
		3DA6E5EF289884BA0027A3C7 /* Tests iOS */ = {
			isa = PBXGroup;
			children = (
				3DA6E5F0289884BA0027A3C7 /* Tests_iOS.swift */,
				3DA6E5F2289884BA0027A3C7 /* Tests_iOSLaunchTests.swift */,
			);
			path = "Tests iOS";
			sourceTree = "<group>";
		};
		3DA6E5FB289884BA0027A3C7 /* Tests macOS */ = {
			isa = PBXGroup;
			children = (
				3DA6E5FC289884BA0027A3C7 /* Tests_macOS.swift */,
				3DA6E5FE289884BA0027A3C7 /* Tests_macOSLaunchTests.swift */,
			);
			path = "Tests macOS";
			sourceTree = "<group>";
		};
/* End PBXGroup section */

/* Begin PBXNativeTarget section */
		3DA6E5DE289884BA0027A3C7 /* war-challenge (iOS) */ = {
			isa = PBXNativeTarget;
			buildConfigurationList = 3DA6E608289884BA0027A3C7 /* Build configuration list for PBXNativeTarget "war-challenge (iOS)" */;
			buildPhases = (
				3DA6E5DB289884BA0027A3C7 /* Sources */,
				3DA6E5DC289884BA0027A3C7 /* Frameworks */,
				3DA6E5DD289884BA0027A3C7 /* Resources */,
			);
			buildRules = (
			);
			dependencies = (
			);
			name = "war-challenge (iOS)";
			productName = "war-challenge (iOS)";
			productReference = 3DA6E5DF289884BA0027A3C7 /* war-challenge.app */;
			productType = "com.apple.product-type.application";
		};
		3DA6E5E4289884BA0027A3C7 /* war-challenge (macOS) */ = {
			isa = PBXNativeTarget;
			buildConfigurationList = 3DA6E60B289884BA0027A3C7 /* Build configuration list for PBXNativeTarget "war-challenge (macOS)" */;
			buildPhases = (
				3DA6E5E1289884BA0027A3C7 /* Sources */,
				3DA6E5E2289884BA0027A3C7 /* Frameworks */,
				3DA6E5E3289884BA0027A3C7 /* Resources */,
			);
			buildRules = (
			);
			dependencies = (
			);
			name = "war-challenge (macOS)";
			productName = "war-challenge (macOS)";
			productReference = 3DA6E5E5289884BA0027A3C7 /* war-challenge.app */;
			productType = "com.apple.product-type.application";
		};
		3DA6E5EB289884BA0027A3C7 /* Tests iOS */ = {
			isa = PBXNativeTarget;
			buildConfigurationList = 3DA6E60E289884BA0027A3C7 /* Build configuration list for PBXNativeTarget "Tests iOS" */;
			buildPhases = (
				3DA6E5E8289884BA0027A3C7 /* Sources */,
				3DA6E5E9289884BA0027A3C7 /* Frameworks */,
				3DA6E5EA289884BA0027A3C7 /* Resources */,
			);
			buildRules = (
			);
			dependencies = (
				3DA6E5EE289884BA0027A3C7 /* PBXTargetDependency */,
			);
			name = "Tests iOS";
			productName = "Tests iOS";
			productReference = 3DA6E5EC289884BA0027A3C7 /* Tests iOS.xctest */;
			productType = "com.apple.product-type.bundle.ui-testing";
		};
		3DA6E5F7289884BA0027A3C7 /* Tests macOS */ = {
			isa = PBXNativeTarget;
			buildConfigurationList = 3DA6E611289884BA0027A3C7 /* Build configuration list for PBXNativeTarget "Tests macOS" */;
			buildPhases = (
				3DA6E5F4289884BA0027A3C7 /* Sources */,
				3DA6E5F5289884BA0027A3C7 /* Frameworks */,
				3DA6E5F6289884BA0027A3C7 /* Resources */,
			);
			buildRules = (
			);
			dependencies = (
				3DA6E5FA289884BA0027A3C7 /* PBXTargetDependency */,
			);
			name = "Tests macOS";
			productName = "Tests macOS";
			productReference = 3DA6E5F8289884BA0027A3C7 /* Tests macOS.xctest */;
			productType = "com.apple.product-type.bundle.ui-testing";
		};
/* End PBXNativeTarget section */

/* Begin PBXProject section */
		3DA6E5D3289884B50027A3C7 /* Project object */ = {
			isa = PBXProject;
			attributes = {
				BuildIndependentTargetsInParallel = 1;
				LastSwiftUpdateCheck = 1320;
				LastUpgradeCheck = 1320;
				TargetAttributes = {
					3DA6E5DE289884BA0027A3C7 = {
						CreatedOnToolsVersion = 13.2.1;
					};
					3DA6E5E4289884BA0027A3C7 = {
						CreatedOnToolsVersion = 13.2.1;
					};
					3DA6E5EB289884BA0027A3C7 = {
						CreatedOnToolsVersion = 13.2.1;
						TestTargetID = 3DA6E5DE289884BA0027A3C7;
					};
					3DA6E5F7289884BA0027A3C7 = {
						CreatedOnToolsVersion = 13.2.1;
						TestTargetID = 3DA6E5E4289884BA0027A3C7;
					};
				};
			};
			buildConfigurationList = 3DA6E5D6289884B50027A3C7 /* Build configuration list for PBXProject "war-challenge" */;
			compatibilityVersion = "Xcode 13.0";
			developmentRegion = en;
			hasScannedForEncodings = 0;
			knownRegions = (
				en,
				Base,
			);
			mainGroup = 3DA6E5D2289884B50027A3C7;
			productRefGroup = 3DA6E5E0289884BA0027A3C7 /* Products */;
			projectDirPath = "";
			projectRoot = "";
			targets = (
				3DA6E5DE289884BA0027A3C7 /* war-challenge (iOS) */,
				3DA6E5E4289884BA0027A3C7 /* war-challenge (macOS) */,
				3DA6E5EB289884BA0027A3C7 /* Tests iOS */,
				3DA6E5F7289884BA0027A3C7 /* Tests macOS */,
			);
		};
/* End PBXProject section */

/* Begin PBXResourcesBuildPhase section */
		3DA6E5DD289884BA0027A3C7 /* Resources */ = {
			isa = PBXResourcesBuildPhase;
			buildActionMask = 2147483647;
			files = (
				3DA6E604289884BA0027A3C7 /* Assets.xcassets in Resources */,
			);
			runOnlyForDeploymentPostprocessing = 0;
		};
		3DA6E5E3289884BA0027A3C7 /* Resources */ = {
			isa = PBXResourcesBuildPhase;
			buildActionMask = 2147483647;
			files = (
				3DA6E605289884BA0027A3C7 /* Assets.xcassets in Resources */,
			);
			runOnlyForDeploymentPostprocessing = 0;
		};
		3DA6E5EA289884BA0027A3C7 /* Resources */ = {
			isa = PBXResourcesBuildPhase;
			buildActionMask = 2147483647;
			files = (
			);
			runOnlyForDeploymentPostprocessing = 0;
		};
		3DA6E5F6289884BA0027A3C7 /* Resources */ = {
			isa = PBXResourcesBuildPhase;
			buildActionMask = 2147483647;
			files = (
			);
			runOnlyForDeploymentPostprocessing = 0;
		};
/* End PBXResourcesBuildPhase section */

/* Begin PBXSourcesBuildPhase section */
		3DA6E5DB289884BA0027A3C7 /* Sources */ = {
			isa = PBXSourcesBuildPhase;
			buildActionMask = 2147483647;
			files = (
				3DA6E602289884BA0027A3C7 /* ContentView.swift in Sources */,
				3DA6E600289884BA0027A3C7 /* war_challengeApp.swift in Sources */,
			);
			runOnlyForDeploymentPostprocessing = 0;
		};
		3DA6E5E1289884BA0027A3C7 /* Sources */ = {
			isa = PBXSourcesBuildPhase;
			buildActionMask = 2147483647;
			files = (
				3DA6E603289884BA0027A3C7 /* ContentView.swift in Sources */,
				3DA6E601289884BA0027A3C7 /* war_challengeApp.swift in Sources */,
			);
			runOnlyForDeploymentPostprocessing = 0;
		};
		3DA6E5E8289884BA0027A3C7 /* Sources */ = {
			isa = PBXSourcesBuildPhase;
			buildActionMask = 2147483647;
			files = (
				3DA6E5F3289884BA0027A3C7 /* Tests_iOSLaunchTests.swift in Sources */,
				3DA6E5F1289884BA0027A3C7 /* Tests_iOS.swift in Sources */,
			);
			runOnlyForDeploymentPostprocessing = 0;
		};
		3DA6E5F4289884BA0027A3C7 /* Sources */ = {
			isa = PBXSourcesBuildPhase;
			buildActionMask = 2147483647;
			files = (
				3DA6E5FF289884BA0027A3C7 /* Tests_macOSLaunchTests.swift in Sources */,
				3DA6E5FD289884BA0027A3C7 /* Tests_macOS.swift in Sources */,
			);
			runOnlyForDeploymentPostprocessing = 0;
		};
/* End PBXSourcesBuildPhase section */

/* Begin PBXTargetDependency section */
		3DA6E5EE289884BA0027A3C7 /* PBXTargetDependency */ = {
			isa = PBXTargetDependency;
			target = 3DA6E5DE289884BA0027A3C7 /* war-challenge (iOS) */;
			targetProxy = 3DA6E5ED289884BA0027A3C7 /* PBXContainerItemProxy */;
		};
		3DA6E5FA289884BA0027A3C7 /* PBXTargetDependency */ = {
			isa = PBXTargetDependency;
			target = 3DA6E5E4289884BA0027A3C7 /* war-challenge (macOS) */;
			targetProxy = 3DA6E5F9289884BA0027A3C7 /* PBXContainerItemProxy */;
		};
/* End PBXTargetDependency section */

/* Begin XCBuildConfiguration section */
		3DA6E606289884BA0027A3C7 /* Debug */ = {
			isa = XCBuildConfiguration;
			buildSettings = {
				ALWAYS_SEARCH_USER_PATHS = NO;
				CLANG_ANALYZER_NONNULL = YES;
				CLANG_ANALYZER_NUMBER_OBJECT_CONVERSION = YES_AGGRESSIVE;
				CLANG_CXX_LANGUAGE_STANDARD = "gnu++17";
				CLANG_CXX_LIBRARY = "libc++";
				CLANG_ENABLE_MODULES = YES;
				CLANG_ENABLE_OBJC_ARC = YES;
				CLANG_ENABLE_OBJC_WEAK = YES;
				CLANG_WARN_BLOCK_CAPTURE_AUTORELEASING = YES;
				CLANG_WARN_BOOL_CONVERSION = YES;
				CLANG_WARN_COMMA = YES;
				CLANG_WARN_CONSTANT_CONVERSION = YES;
				CLANG_WARN_DEPRECATED_OBJC_IMPLEMENTATIONS = YES;
				CLANG_WARN_DIRECT_OBJC_ISA_USAGE = YES_ERROR;
				CLANG_WARN_DOCUMENTATION_COMMENTS = YES;
				CLANG_WARN_EMPTY_BODY = YES;
				CLANG_WARN_ENUM_CONVERSION = YES;
				CLANG_WARN_INFINITE_RECURSION = YES;
				CLANG_WARN_INT_CONVERSION = YES;
				CLANG_WARN_NON_LITERAL_NULL_CONVERSION = YES;
				CLANG_WARN_OBJC_IMPLICIT_RETAIN_SELF = YES;
				CLANG_WARN_OBJC_LITERAL_CONVERSION = YES;
				CLANG_WARN_OBJC_ROOT_CLASS = YES_ERROR;
				CLANG_WARN_QUOTED_INCLUDE_IN_FRAMEWORK_HEADER = YES;
				CLANG_WARN_RANGE_LOOP_ANALYSIS = YES;
				CLANG_WARN_STRICT_PROTOTYPES = YES;
				CLANG_WARN_SUSPICIOUS_MOVE = YES;
				CLANG_WARN_UNGUARDED_AVAILABILITY = YES_AGGRESSIVE;
				CLANG_WARN_UNREACHABLE_CODE = YES;
				CLANG_WARN__DUPLICATE_METHOD_MATCH = YES;
				COPY_PHASE_STRIP = NO;
				DEBUG_INFORMATION_FORMAT = dwarf;
				ENABLE_STRICT_OBJC_MSGSEND = YES;
				ENABLE_TESTABILITY = YES;
				GCC_C_LANGUAGE_STANDARD = gnu11;
				GCC_DYNAMIC_NO_PIC = NO;
				GCC_NO_COMMON_BLOCKS = YES;
				GCC_OPTIMIZATION_LEVEL = 0;
				GCC_PREPROCESSOR_DEFINITIONS = (
					"DEBUG=1",
					"$(inherited)",
				);
				GCC_WARN_64_TO_32_BIT_CONVERSION = YES;
				GCC_WARN_ABOUT_RETURN_TYPE = YES_ERROR;
				GCC_WARN_UNDECLARED_SELECTOR = YES;
				GCC_WARN_UNINITIALIZED_AUTOS = YES_AGGRESSIVE;
				GCC_WARN_UNUSED_FUNCTION = YES;
				GCC_WARN_UNUSED_VARIABLE = YES;
				MTL_ENABLE_DEBUG_INFO = INCLUDE_SOURCE;
				MTL_FAST_MATH = YES;
				ONLY_ACTIVE_ARCH = YES;
				SWIFT_ACTIVE_COMPILATION_CONDITIONS = DEBUG;
				SWIFT_OPTIMIZATION_LEVEL = "-Onone";
			};
			name = Debug;
		};
		3DA6E607289884BA0027A3C7 /* Release */ = {
			isa = XCBuildConfiguration;
			buildSettings = {
				ALWAYS_SEARCH_USER_PATHS = NO;
				CLANG_ANALYZER_NONNULL = YES;
				CLANG_ANALYZER_NUMBER_OBJECT_CONVERSION = YES_AGGRESSIVE;
				CLANG_CXX_LANGUAGE_STANDARD = "gnu++17";
				CLANG_CXX_LIBRARY = "libc++";
				CLANG_ENABLE_MODULES = YES;
				CLANG_ENABLE_OBJC_ARC = YES;
				CLANG_ENABLE_OBJC_WEAK = YES;
				CLANG_WARN_BLOCK_CAPTURE_AUTORELEASING = YES;
				CLANG_WARN_BOOL_CONVERSION = YES;
				CLANG_WARN_COMMA = YES;
				CLANG_WARN_CONSTANT_CONVERSION = YES;
				CLANG_WARN_DEPRECATED_OBJC_IMPLEMENTATIONS = YES;
				CLANG_WARN_DIRECT_OBJC_ISA_USAGE = YES_ERROR;
				CLANG_WARN_DOCUMENTATION_COMMENTS = YES;
				CLANG_WARN_EMPTY_BODY = YES;
				CLANG_WARN_ENUM_CONVERSION = YES;
				CLANG_WARN_INFINITE_RECURSION = YES;
				CLANG_WARN_INT_CONVERSION = YES;
				CLANG_WARN_NON_LITERAL_NULL_CONVERSION = YES;
				CLANG_WARN_OBJC_IMPLICIT_RETAIN_SELF = YES;
				CLANG_WARN_OBJC_LITERAL_CONVERSION = YES;
				CLANG_WARN_OBJC_ROOT_CLASS = YES_ERROR;
				CLANG_WARN_QUOTED_INCLUDE_IN_FRAMEWORK_HEADER = YES;
				CLANG_WARN_RANGE_LOOP_ANALYSIS = YES;
				CLANG_WARN_STRICT_PROTOTYPES = YES;
				CLANG_WARN_SUSPICIOUS_MOVE = YES;
				CLANG_WARN_UNGUARDED_AVAILABILITY = YES_AGGRESSIVE;
				CLANG_WARN_UNREACHABLE_CODE = YES;
				CLANG_WARN__DUPLICATE_METHOD_MATCH = YES;
				COPY_PHASE_STRIP = NO;
				DEBUG_INFORMATION_FORMAT = "dwarf-with-dsym";
				ENABLE_NS_ASSERTIONS = NO;
				ENABLE_STRICT_OBJC_MSGSEND = YES;
				GCC_C_LANGUAGE_STANDARD = gnu11;
				GCC_NO_COMMON_BLOCKS = YES;
				GCC_WARN_64_TO_32_BIT_CONVERSION = YES;
				GCC_WARN_ABOUT_RETURN_TYPE = YES_ERROR;
				GCC_WARN_UNDECLARED_SELECTOR = YES;
				GCC_WARN_UNINITIALIZED_AUTOS = YES_AGGRESSIVE;
				GCC_WARN_UNUSED_FUNCTION = YES;
				GCC_WARN_UNUSED_VARIABLE = YES;
				MTL_ENABLE_DEBUG_INFO = NO;
				MTL_FAST_MATH = YES;
				SWIFT_COMPILATION_MODE = wholemodule;
				SWIFT_OPTIMIZATION_LEVEL = "-O";
			};
			name = Release;
		};
		3DA6E609289884BA0027A3C7 /* Debug */ = {
			isa = XCBuildConfiguration;
			buildSettings = {
				ASSETCATALOG_COMPILER_APPICON_NAME = AppIcon;
				ASSETCATALOG_COMPILER_GLOBAL_ACCENT_COLOR_NAME = AccentColor;
				CODE_SIGN_STYLE = Automatic;
				CURRENT_PROJECT_VERSION = 1;
				ENABLE_PREVIEWS = YES;
				GENERATE_INFOPLIST_FILE = YES;
				INFOPLIST_KEY_UIApplicationSceneManifest_Generation = YES;
				INFOPLIST_KEY_UIApplicationSupportsIndirectInputEvents = YES;
				INFOPLIST_KEY_UILaunchScreen_Generation = YES;
				INFOPLIST_KEY_UISupportedInterfaceOrientations_iPad = "UIInterfaceOrientationPortrait UIInterfaceOrientationPortraitUpsideDown UIInterfaceOrientationLandscapeLeft UIInterfaceOrientationLandscapeRight";
				INFOPLIST_KEY_UISupportedInterfaceOrientations_iPhone = "UIInterfaceOrientationPortrait UIInterfaceOrientationLandscapeLeft UIInterfaceOrientationLandscapeRight";
				IPHONEOS_DEPLOYMENT_TARGET = 15.2;
				LD_RUNPATH_SEARCH_PATHS = (
					"$(inherited)",
					"@executable_path/Frameworks",
				);
				MARKETING_VERSION = 1.0;
				PRODUCT_BUNDLE_IDENTIFIER = "com.a.s.a.war-challenge";
				PRODUCT_NAME = "war-challenge";
				SDKROOT = iphoneos;
				SWIFT_EMIT_LOC_STRINGS = YES;
				SWIFT_VERSION = 5.0;
				TARGETED_DEVICE_FAMILY = "1,2";
			};
			name = Debug;
		};
		3DA6E60A289884BA0027A3C7 /* Release */ = {
			isa = XCBuildConfiguration;
			buildSettings = {
				ASSETCATALOG_COMPILER_APPICON_NAME = AppIcon;
				ASSETCATALOG_COMPILER_GLOBAL_ACCENT_COLOR_NAME = AccentColor;
				CODE_SIGN_STYLE = Automatic;
				CURRENT_PROJECT_VERSION = 1;
				ENABLE_PREVIEWS = YES;
				GENERATE_INFOPLIST_FILE = YES;
				INFOPLIST_KEY_UIApplicationSceneManifest_Generation = YES;
				INFOPLIST_KEY_UIApplicationSupportsIndirectInputEvents = YES;
				INFOPLIST_KEY_UILaunchScreen_Generation = YES;
				INFOPLIST_KEY_UISupportedInterfaceOrientations_iPad = "UIInterfaceOrientationPortrait UIInterfaceOrientationPortraitUpsideDown UIInterfaceOrientationLandscapeLeft UIInterfaceOrientationLandscapeRight";
				INFOPLIST_KEY_UISupportedInterfaceOrientations_iPhone = "UIInterfaceOrientationPortrait UIInterfaceOrientationLandscapeLeft UIInterfaceOrientationLandscapeRight";
				IPHONEOS_DEPLOYMENT_TARGET = 15.2;
				LD_RUNPATH_SEARCH_PATHS = (
					"$(inherited)",
					"@executable_path/Frameworks",
				);
				MARKETING_VERSION = 1.0;
				PRODUCT_BUNDLE_IDENTIFIER = "com.a.s.a.war-challenge";
				PRODUCT_NAME = "war-challenge";
				SDKROOT = iphoneos;
				SWIFT_EMIT_LOC_STRINGS = YES;
				SWIFT_VERSION = 5.0;
				TARGETED_DEVICE_FAMILY = "1,2";
				VALIDATE_PRODUCT = YES;
			};
			name = Release;
		};
		3DA6E60C289884BA0027A3C7 /* Debug */ = {
			isa = XCBuildConfiguration;
			buildSettings = {
				ASSETCATALOG_COMPILER_APPICON_NAME = AppIcon;
				ASSETCATALOG_COMPILER_GLOBAL_ACCENT_COLOR_NAME = AccentColor;
				CODE_SIGN_ENTITLEMENTS = macOS/macOS.entitlements;
				CODE_SIGN_STYLE = Automatic;
				COMBINE_HIDPI_IMAGES = YES;
				CURRENT_PROJECT_VERSION = 1;
				ENABLE_PREVIEWS = YES;
				GENERATE_INFOPLIST_FILE = YES;
				INFOPLIST_KEY_NSHumanReadableCopyright = "";
				LD_RUNPATH_SEARCH_PATHS = (
					"$(inherited)",
					"@executable_path/../Frameworks",
				);
				MACOSX_DEPLOYMENT_TARGET = 11.6;
				MARKETING_VERSION = 1.0;
				PRODUCT_BUNDLE_IDENTIFIER = "com.a.s.a.war-challenge";
				PRODUCT_NAME = "war-challenge";
				SDKROOT = macosx;
				SWIFT_EMIT_LOC_STRINGS = YES;
				SWIFT_VERSION = 5.0;
			};
			name = Debug;
		};
		3DA6E60D289884BA0027A3C7 /* Release */ = {
			isa = XCBuildConfiguration;
			buildSettings = {
				ASSETCATALOG_COMPILER_APPICON_NAME = AppIcon;
				ASSETCATALOG_COMPILER_GLOBAL_ACCENT_COLOR_NAME = AccentColor;
				CODE_SIGN_ENTITLEMENTS = macOS/macOS.entitlements;
				CODE_SIGN_STYLE = Automatic;
				COMBINE_HIDPI_IMAGES = YES;
				CURRENT_PROJECT_VERSION = 1;
				ENABLE_PREVIEWS = YES;
				GENERATE_INFOPLIST_FILE = YES;
				INFOPLIST_KEY_NSHumanReadableCopyright = "";
				LD_RUNPATH_SEARCH_PATHS = (
					"$(inherited)",
					"@executable_path/../Frameworks",
				);
				MACOSX_DEPLOYMENT_TARGET = 11.6;
				MARKETING_VERSION = 1.0;
				PRODUCT_BUNDLE_IDENTIFIER = "com.a.s.a.war-challenge";
				PRODUCT_NAME = "war-challenge";
				SDKROOT = macosx;
				SWIFT_EMIT_LOC_STRINGS = YES;
				SWIFT_VERSION = 5.0;
			};
			name = Release;
		};
		3DA6E60F289884BA0027A3C7 /* Debug */ = {
			isa = XCBuildConfiguration;
			buildSettings = {
				ALWAYS_EMBED_SWIFT_STANDARD_LIBRARIES = YES;
				CODE_SIGN_STYLE = Automatic;
				CURRENT_PROJECT_VERSION = 1;
				GENERATE_INFOPLIST_FILE = YES;
				IPHONEOS_DEPLOYMENT_TARGET = 15.2;
				MARKETING_VERSION = 1.0;
				PRODUCT_BUNDLE_IDENTIFIER = "com.a.s.a.Tests-iOS";
				PRODUCT_NAME = "$(TARGET_NAME)";
				SDKROOT = iphoneos;
				SWIFT_EMIT_LOC_STRINGS = NO;
				SWIFT_VERSION = 5.0;
				TARGETED_DEVICE_FAMILY = "1,2";
				TEST_TARGET_NAME = "war-challenge (iOS)";
			};
			name = Debug;
		};
		3DA6E610289884BA0027A3C7 /* Release */ = {
			isa = XCBuildConfiguration;
			buildSettings = {
				ALWAYS_EMBED_SWIFT_STANDARD_LIBRARIES = YES;
				CODE_SIGN_STYLE = Automatic;
				CURRENT_PROJECT_VERSION = 1;
				GENERATE_INFOPLIST_FILE = YES;
				IPHONEOS_DEPLOYMENT_TARGET = 15.2;
				MARKETING_VERSION = 1.0;
				PRODUCT_BUNDLE_IDENTIFIER = "com.a.s.a.Tests-iOS";
				PRODUCT_NAME = "$(TARGET_NAME)";
				SDKROOT = iphoneos;
				SWIFT_EMIT_LOC_STRINGS = NO;
				SWIFT_VERSION = 5.0;
				TARGETED_DEVICE_FAMILY = "1,2";
				TEST_TARGET_NAME = "war-challenge (iOS)";
				VALIDATE_PRODUCT = YES;
			};
			name = Release;
		};
		3DA6E612289884BA0027A3C7 /* Debug */ = {
			isa = XCBuildConfiguration;
			buildSettings = {
				ALWAYS_EMBED_SWIFT_STANDARD_LIBRARIES = YES;
				CODE_SIGN_STYLE = Automatic;
				CURRENT_PROJECT_VERSION = 1;
				GENERATE_INFOPLIST_FILE = YES;
				MACOSX_DEPLOYMENT_TARGET = 11.6;
				MARKETING_VERSION = 1.0;
				PRODUCT_BUNDLE_IDENTIFIER = "com.a.s.a.Tests-macOS";
				PRODUCT_NAME = "$(TARGET_NAME)";
				SDKROOT = macosx;
				SWIFT_EMIT_LOC_STRINGS = NO;
				SWIFT_VERSION = 5.0;
				TEST_TARGET_NAME = "war-challenge (macOS)";
			};
			name = Debug;
		};
		3DA6E613289884BA0027A3C7 /* Release */ = {
			isa = XCBuildConfiguration;
			buildSettings = {
				ALWAYS_EMBED_SWIFT_STANDARD_LIBRARIES = YES;
				CODE_SIGN_STYLE = Automatic;
				CURRENT_PROJECT_VERSION = 1;
				GENERATE_INFOPLIST_FILE = YES;
				MACOSX_DEPLOYMENT_TARGET = 11.6;
				MARKETING_VERSION = 1.0;
				PRODUCT_BUNDLE_IDENTIFIER = "com.a.s.a.Tests-macOS";
				PRODUCT_NAME = "$(TARGET_NAME)";
				SDKROOT = macosx;
				SWIFT_EMIT_LOC_STRINGS = NO;
				SWIFT_VERSION = 5.0;
				TEST_TARGET_NAME = "war-challenge (macOS)";
			};
			name = Release;
		};
/* End XCBuildConfiguration section */

/* Begin XCConfigurationList section */
		3DA6E5D6289884B50027A3C7 /* Build configuration list for PBXProject "war-challenge" */ = {
			isa = XCConfigurationList;
			buildConfigurations = (
				3DA6E606289884BA0027A3C7 /* Debug */,
				3DA6E607289884BA0027A3C7 /* Release */,
			);
			defaultConfigurationIsVisible = 0;
			defaultConfigurationName = Release;
		};
		3DA6E608289884BA0027A3C7 /* Build configuration list for PBXNativeTarget "war-challenge (iOS)" */ = {
			isa = XCConfigurationList;
			buildConfigurations = (
				3DA6E609289884BA0027A3C7 /* Debug */,
				3DA6E60A289884BA0027A3C7 /* Release */,
			);
			defaultConfigurationIsVisible = 0;
			defaultConfigurationName = Release;
		};
		3DA6E60B289884BA0027A3C7 /* Build configuration list for PBXNativeTarget "war-challenge (macOS)" */ = {
			isa = XCConfigurationList;
			buildConfigurations = (
				3DA6E60C289884BA0027A3C7 /* Debug */,
				3DA6E60D289884BA0027A3C7 /* Release */,
			);
			defaultConfigurationIsVisible = 0;
			defaultConfigurationName = Release;
		};
		3DA6E60E289884BA0027A3C7 /* Build configuration list for PBXNativeTarget "Tests iOS" */ = {
			isa = XCConfigurationList;
			buildConfigurations = (
				3DA6E60F289884BA0027A3C7 /* Debug */,
				3DA6E610289884BA0027A3C7 /* Release */,
			);
			defaultConfigurationIsVisible = 0;
			defaultConfigurationName = Release;
		};
		3DA6E611289884BA0027A3C7 /* Build configuration list for PBXNativeTarget "Tests macOS" */ = {
			isa = XCConfigurationList;
			buildConfigurations = (
				3DA6E612289884BA0027A3C7 /* Debug */,
				3DA6E613289884BA0027A3C7 /* Release */,
			);
			defaultConfigurationIsVisible = 0;
			defaultConfigurationName = Release;
		};
/* End XCConfigurationList section */
	};
	rootObject = 3DA6E5D3289884B50027A3C7 /* Project object */;
}
